
Microsoft Visual Studio Solution File, Format Version 12.00
# Visual Studio Version 17
VisualStudioVersion = 17.7.34031.279
MinimumVisualStudioVersion = 10.0.40219.1
Project("{FAE04EC0-301F-11D3-BF4B-00C04F79EFBC}") = "week4.2", "week4.2\week4.2.csproj", "{3F4A05ED-E7E7-494C-823B-55E79AC2984D}"
EndProject
Global
	GlobalSection(SolutionConfigurationPlatforms) = preSolution
		Debug|Any CPU = Debug|Any CPU
		Release|Any CPU = Release|Any CPU
	EndGlobalSection
	GlobalSection(ProjectConfigurationPlatforms) = postSolution
		{3F4A05ED-E7E7-494C-823B-55E79AC2984D}.Debug|Any CPU.ActiveCfg = Debug|Any CPU
		{3F4A05ED-E7E7-494C-823B-55E79AC2984D}.Debug|Any CPU.Build.0 = Debug|Any CPU
		{3F4A05ED-E7E7-494C-823B-55E79AC2984D}.Release|Any CPU.ActiveCfg = Release|Any CPU
		{3F4A05ED-E7E7-494C-823B-55E79AC2984D}.Release|Any CPU.Build.0 = Release|Any CPU
	EndGlobalSection
	GlobalSection(SolutionProperties) = preSolution
		HideSolutionNode = FALSE
	EndGlobalSection
	GlobalSection(ExtensibilityGlobals) = postSolution
		SolutionGuid = {9DA4C036-CFF8-463F-9578-ED3B0A2C289D}
	EndGlobalSection
EndGlobal
